
Microsoft Visual Studio Solution File, Format Version 12.00
Project("{FAE04EC0-301F-11D3-BF4B-00C04F79EFBC}") = "PousadaDaPedra.Domain", "src\PousadaDaPedra.Domain\PousadaDaPedra.Domain.csproj", "{A6841396-BB40-490F-9C9D-F463FF1A56EF}"
EndProject
Project("{FAE04EC0-301F-11D3-BF4B-00C04F79EFBC}") = "PousadaDaPedra.Application", "src\PousadaDaPedra.Application\PousadaDaPedra.Application.csproj", "{39E374FB-D20B-44E9-A35E-EA10B223982D}"
EndProject
Project("{FAE04EC0-301F-11D3-BF4B-00C04F79EFBC}") = "PousadaDaPedra.Infrastructure", "src\PousadaDaPedra.Infrastructure\PousadaDaPedra.Infrastructure.csproj", "{E111732F-EB11-4D1D-928E-90372FB97098}"
EndProject
Project("{FAE04EC0-301F-11D3-BF4B-00C04F79EFBC}") = "PousadaDaPedra.WebApi", "src\PousadaDaPedra.WebApi\PousadaDaPedra.WebApi.csproj", "{78C4142A-FDD8-49E4-B984-B838F37E5D03}"
EndProject
Project("{2150E333-8FDC-42A3-9474-1A3956D46DE8}") = "core", "core", "{48FE386E-487D-404D-97FF-1A312B3FEC05}"
EndProject
Project("{FAE04EC0-301F-11D3-BF4B-00C04F79EFBC}") = "TestProject1", "src\Tests\TestProject1\TestProject1.csproj", "{7F5F6DCF-218F-4D78-9822-E0EA268C1D1F}"
EndProject
Project("{2150E333-8FDC-42A3-9474-1A3956D46DE8}") = "Tests", "Tests", "{37C23133-C39F-4E31-B9C0-9F337228B57C}"
EndProject
Project("{2150E333-8FDC-42A3-9474-1A3956D46DE8}") = "WebApi", "WebApi", "{E9F3D66C-2A0B-49A6-9D2A-F41F0EF1F4A7}"
EndProject
Project("{2150E333-8FDC-42A3-9474-1A3956D46DE8}") = "Infrastructure", "Infrastructure", "{14F6FDE3-06F3-490F-812A-7436159E877B}"
EndProject
Global
	GlobalSection(SolutionConfigurationPlatforms) = preSolution
		Debug|Any CPU = Debug|Any CPU
		Release|Any CPU = Release|Any CPU
	EndGlobalSection
	GlobalSection(ProjectConfigurationPlatforms) = postSolution
		{A6841396-BB40-490F-9C9D-F463FF1A56EF}.Debug|Any CPU.ActiveCfg = Debug|Any CPU
		{A6841396-BB40-490F-9C9D-F463FF1A56EF}.Debug|Any CPU.Build.0 = Debug|Any CPU
		{A6841396-BB40-490F-9C9D-F463FF1A56EF}.Release|Any CPU.ActiveCfg = Release|Any CPU
		{A6841396-BB40-490F-9C9D-F463FF1A56EF}.Release|Any CPU.Build.0 = Release|Any CPU
		{39E374FB-D20B-44E9-A35E-EA10B223982D}.Debug|Any CPU.ActiveCfg = Debug|Any CPU
		{39E374FB-D20B-44E9-A35E-EA10B223982D}.Debug|Any CPU.Build.0 = Debug|Any CPU
		{39E374FB-D20B-44E9-A35E-EA10B223982D}.Release|Any CPU.ActiveCfg = Release|Any CPU
		{39E374FB-D20B-44E9-A35E-EA10B223982D}.Release|Any CPU.Build.0 = Release|Any CPU
		{E111732F-EB11-4D1D-928E-90372FB97098}.Debug|Any CPU.ActiveCfg = Debug|Any CPU
		{E111732F-EB11-4D1D-928E-90372FB97098}.Debug|Any CPU.Build.0 = Debug|Any CPU
		{E111732F-EB11-4D1D-928E-90372FB97098}.Release|Any CPU.ActiveCfg = Release|Any CPU
		{E111732F-EB11-4D1D-928E-90372FB97098}.Release|Any CPU.Build.0 = Release|Any CPU
		{78C4142A-FDD8-49E4-B984-B838F37E5D03}.Debug|Any CPU.ActiveCfg = Debug|Any CPU
		{78C4142A-FDD8-49E4-B984-B838F37E5D03}.Debug|Any CPU.Build.0 = Debug|Any CPU
		{78C4142A-FDD8-49E4-B984-B838F37E5D03}.Release|Any CPU.ActiveCfg = Release|Any CPU
		{78C4142A-FDD8-49E4-B984-B838F37E5D03}.Release|Any CPU.Build.0 = Release|Any CPU
		{7F5F6DCF-218F-4D78-9822-E0EA268C1D1F}.Debug|Any CPU.ActiveCfg = Debug|Any CPU
		{7F5F6DCF-218F-4D78-9822-E0EA268C1D1F}.Debug|Any CPU.Build.0 = Debug|Any CPU
		{7F5F6DCF-218F-4D78-9822-E0EA268C1D1F}.Release|Any CPU.ActiveCfg = Release|Any CPU
		{7F5F6DCF-218F-4D78-9822-E0EA268C1D1F}.Release|Any CPU.Build.0 = Release|Any CPU
	EndGlobalSection
	GlobalSection(NestedProjects) = preSolution
		{39E374FB-D20B-44E9-A35E-EA10B223982D} = {48FE386E-487D-404D-97FF-1A312B3FEC05}
		{A6841396-BB40-490F-9C9D-F463FF1A56EF} = {48FE386E-487D-404D-97FF-1A312B3FEC05}
		{7F5F6DCF-218F-4D78-9822-E0EA268C1D1F} = {37C23133-C39F-4E31-B9C0-9F337228B57C}
		{78C4142A-FDD8-49E4-B984-B838F37E5D03} = {E9F3D66C-2A0B-49A6-9D2A-F41F0EF1F4A7}
		{E111732F-EB11-4D1D-928E-90372FB97098} = {14F6FDE3-06F3-490F-812A-7436159E877B}
	EndGlobalSection
EndGlobal
